
Microsoft Visual Studio Solution File, Format Version 12.00
# Visual Studio 2013
VisualStudioVersion = 12.0.30324.0
MinimumVisualStudioVersion = 10.0.40219.1
Project("{FAE04EC0-301F-11D3-BF4B-00C04F79EFBC}") = "Client", "1 Client\Client.csproj", "{D9471A01-D8E0-4284-96E6-AA054536B870}"
EndProject
Project("{FAE04EC0-301F-11D3-BF4B-00C04F79EFBC}") = "Domain", "2 Domain\Domain.csproj", "{3E9B9AF4-6456-483F-BCB9-4EC0E0CC28DE}"
EndProject
Project("{FAE04EC0-301F-11D3-BF4B-00C04F79EFBC}") = "Tests", "3 Tests\Tests.csproj", "{F8252715-3F62-4F2A-96E8-2104345C47AA}"
EndProject
Global
	GlobalSection(SolutionConfigurationPlatforms) = preSolution
		Debug|Any CPU = Debug|Any CPU
		Release|Any CPU = Release|Any CPU
	EndGlobalSection
	GlobalSection(ProjectConfigurationPlatforms) = postSolution
		{D9471A01-D8E0-4284-96E6-AA054536B870}.Debug|Any CPU.ActiveCfg = Debug|Any CPU
		{D9471A01-D8E0-4284-96E6-AA054536B870}.Debug|Any CPU.Build.0 = Debug|Any CPU
		{D9471A01-D8E0-4284-96E6-AA054536B870}.Release|Any CPU.ActiveCfg = Release|Any CPU
		{D9471A01-D8E0-4284-96E6-AA054536B870}.Release|Any CPU.Build.0 = Release|Any CPU
		{3E9B9AF4-6456-483F-BCB9-4EC0E0CC28DE}.Debug|Any CPU.ActiveCfg = Debug|Any CPU
		{3E9B9AF4-6456-483F-BCB9-4EC0E0CC28DE}.Debug|Any CPU.Build.0 = Debug|Any CPU
		{3E9B9AF4-6456-483F-BCB9-4EC0E0CC28DE}.Release|Any CPU.ActiveCfg = Release|Any CPU
		{3E9B9AF4-6456-483F-BCB9-4EC0E0CC28DE}.Release|Any CPU.Build.0 = Release|Any CPU
		{F8252715-3F62-4F2A-96E8-2104345C47AA}.Debug|Any CPU.ActiveCfg = Debug|Any CPU
		{F8252715-3F62-4F2A-96E8-2104345C47AA}.Debug|Any CPU.Build.0 = Debug|Any CPU
		{F8252715-3F62-4F2A-96E8-2104345C47AA}.Release|Any CPU.ActiveCfg = Release|Any CPU
		{F8252715-3F62-4F2A-96E8-2104345C47AA}.Release|Any CPU.Build.0 = Release|Any CPU
	EndGlobalSection
	GlobalSection(SolutionProperties) = preSolution
		HideSolutionNode = FALSE
	EndGlobalSection
EndGlobal
